
Microsoft Visual Studio Solution File, Format Version 12.00
# Visual Studio Version 16
VisualStudioVersion = 16.0.29215.179
MinimumVisualStudioVersion = 10.0.40219.1
Project("{9A19103F-16F7-4668-BE54-9A1E7A4F7556}") = "BigTree", "BigTree.csproj", "{5C43DCF4-675A-47F7-87E8-4B8BFFE40BD6}"
EndProject
Global
	GlobalSection(SolutionConfigurationPlatforms) = preSolution
		Debug|Any CPU = Debug|Any CPU
		Release|Any CPU = Release|Any CPU
	EndGlobalSection
	GlobalSection(ProjectConfigurationPlatforms) = postSolution
		{5C43DCF4-675A-47F7-87E8-4B8BFFE40BD6}.Debug|Any CPU.ActiveCfg = Debug|Any CPU
		{5C43DCF4-675A-47F7-87E8-4B8BFFE40BD6}.Debug|Any CPU.Build.0 = Debug|Any CPU
		{5C43DCF4-675A-47F7-87E8-4B8BFFE40BD6}.Release|Any CPU.ActiveCfg = Release|Any CPU
		{5C43DCF4-675A-47F7-87E8-4B8BFFE40BD6}.Release|Any CPU.Build.0 = Release|Any CPU
	EndGlobalSection
	GlobalSection(SolutionProperties) = preSolution
		HideSolutionNode = FALSE
	EndGlobalSection
	GlobalSection(ExtensibilityGlobals) = postSolution
		SolutionGuid = {875B2C34-6DEC-4FEA-81B0-8550EEF9A3B2}
	EndGlobalSection
EndGlobal
